PODS:
  - Alamofire (2.0.0)
  - APAddressBook (0.1.11):
    - APAddressBook/Core (= 0.1.11)
  - APAddressBook/Core (0.1.11)
  - Bolts (1.2.0):
    - Bolts/AppLinks (= 1.2.0)
    - Bolts/Tasks (= 1.2.0)
  - Bolts/AppLinks (1.2.0):
    - Bolts/Tasks
  - Bolts/Tasks (1.2.0)
  - DRCellSlideGestureRecognizer (1.0.0)
  - FBSDKCoreKit (4.4.0):
    - Bolts (~> 1.1)
    - FBSDKCoreKit/arc (= 4.4.0)
    - FBSDKCoreKit/no-arc (= 4.4.0)
  - FBSDKCoreKit/arc (4.4.0):
    - Bolts (~> 1.1)
  - FBSDKCoreKit/no-arc (4.4.0):
    - Bolts (~> 1.1)
    - FBSDKCoreKit/arc
  - FBSDKLoginKit (4.4.0):
    - FBSDKCoreKit
  - FontAwesome.swift (0.4.3)
  - JVFloatLabeledTextField (1.1.0)
  - Parse (1.7.5.3):
    - Bolts/Tasks (>= 1.2.0)
  - ParseFacebookUtilsV4 (1.7.5.3):
    - Bolts/Tasks (>= 1.2.0)
    - FBSDKCoreKit (~> 4.0)
    - FBSDKLoginKit (~> 4.0)
    - Parse (~> 1.7.5.3)
  - PNChart (0.8.6):
    - UICountingLabel (~> 1.2.0)
  - SVProgressHUD (1.1.3)
  - UICountingLabel (1.2.0)

DEPENDENCIES:
  - Alamofire (~> 2.0)
  - APAddressBook
  - DRCellSlideGestureRecognizer
  - FontAwesome.swift
  - JVFloatLabeledTextField
  - ParseFacebookUtilsV4
  - PNChart
  - SVProgressHUD

SPEC CHECKSUMS:
  Alamofire: 2f13548b29d25a58ecd91c9225fb51493e2b782b
  APAddressBook: 2c949367b190a993d2cce769a3b20bce8bcf000c
  Bolts: d176cb1e0012175589e389a9db49b85e27787576
  DRCellSlideGestureRecognizer: c7213100aa8b1a54b3388c2e73894039058c7795
  FBSDKCoreKit: 75bdd75c980e811db218488d99dd93b7740f4474
  FBSDKLoginKit: 02a9254a4c132412fa03577b0d53e936d068a7fb
  FontAwesome.swift: 4f3dbf913b9ef9db275d02b75f6b794fa3bcbabc
  JVFloatLabeledTextField: ea4a3d8387ddd43724c472bb2b8ab39b79af05d4
  Parse: 373adbb1ad2e34d383542c3b28f678c49ebe4881
  ParseFacebookUtilsV4: ea5db22e87b91cbf99b9d156642e2b97a4db7d51
  PNChart: c8f7aaa8c28abef26e55d80f473d2a1db77cd972
  SVProgressHUD: 748080e4f36e603f6c02aec292664239df5279c1
  UICountingLabel: 1db4e7d023e1762171eb226d6dff47a7a84f27aa

COCOAPODS: 0.38.2
